
Microsoft Visual Studio Solution File, Format Version 12.00
# Visual Studio 2012
Project("{FAE04EC0-301F-11D3-BF4B-00C04F79EFBC}") = "PickAndRoll", "PickAndRoll\PickAndRoll.csproj", "{6DCEFE08-4460-4861-89AF-47B9C796521B}"
EndProject
Project("{FAE04EC0-301F-11D3-BF4B-00C04F79EFBC}") = "Tests", "Tests\Tests.csproj", "{86FFFEAB-F7DE-4481-8D90-A1810B51DF5E}"
EndProject
Global
	GlobalSection(SolutionConfigurationPlatforms) = preSolution
		Debug|Any CPU = Debug|Any CPU
		Release|Any CPU = Release|Any CPU
	EndGlobalSection
	GlobalSection(ProjectConfigurationPlatforms) = postSolution
		{6DCEFE08-4460-4861-89AF-47B9C796521B}.Debug|Any CPU.ActiveCfg = Debug|Any CPU
		{6DCEFE08-4460-4861-89AF-47B9C796521B}.Debug|Any CPU.Build.0 = Debug|Any CPU
		{6DCEFE08-4460-4861-89AF-47B9C796521B}.Release|Any CPU.ActiveCfg = Release|Any CPU
		{6DCEFE08-4460-4861-89AF-47B9C796521B}.Release|Any CPU.Build.0 = Release|Any CPU
		{86FFFEAB-F7DE-4481-8D90-A1810B51DF5E}.Debug|Any CPU.ActiveCfg = Debug|Any CPU
		{86FFFEAB-F7DE-4481-8D90-A1810B51DF5E}.Debug|Any CPU.Build.0 = Debug|Any CPU
		{86FFFEAB-F7DE-4481-8D90-A1810B51DF5E}.Release|Any CPU.ActiveCfg = Release|Any CPU
		{86FFFEAB-F7DE-4481-8D90-A1810B51DF5E}.Release|Any CPU.Build.0 = Release|Any CPU
	EndGlobalSection
	GlobalSection(SolutionProperties) = preSolution
		HideSolutionNode = FALSE
	EndGlobalSection
EndGlobal
